{
  "name": "Interactive-Segmentation",
  "version": "1.0.0",
  "lockfileVersion": 1,
  "requires": true,
  "dependencies": {
    "@figma/plugin-typings": {
      "version": "1.17.1",
      "resolved": "https://registry.npmjs.org/@figma/plugin-typings/-/plugin-typings-1.17.1.tgz",
      "integrity": "sha512-333pYcJJVI2Wk1VTJq0ShvsqzwLJ9c1kNDzptcXdoGcDlAlljUV7B5rzEOIC9GkRFl1Kl/DsLOb9WzFRc+n2og==",
      "dev": true
    }
  }
}
